// !$*UTF8*$!
{
	archiveVersion = 1;
	classes = {
	};
	objectVersion = 48;
	objects = {

/* Begin PBXBuildFile section */
		2B6DF724202F29BF0045F1F3 /* AppDelegate.swift in Sources */ = {isa = PBXBuildFile; fileRef = 2B6DF723202F29BF0045F1F3 /* AppDelegate.swift */; };
		2B6DF726202F29BF0045F1F3 /* ViewController.swift in Sources */ = {isa = PBXBuildFile; fileRef = 2B6DF725202F29BF0045F1F3 /* ViewController.swift */; };
		2B6DF729202F29BF0045F1F3 /* ViewController.storyboard in Resources */ = {isa = PBXBuildFile; fileRef = 2B6DF727202F29BF0045F1F3 /* ViewController.storyboard */; };
		2B6DF72B202F29BF0045F1F3 /* Assets.xcassets in Resources */ = {isa = PBXBuildFile; fileRef = 2B6DF72A202F29BF0045F1F3 /* Assets.xcassets */; };
		2B6DF72E202F29BF0045F1F3 /* LaunchScreen.storyboard in Resources */ = {isa = PBXBuildFile; fileRef = 2B6DF72C202F29BF0045F1F3 /* LaunchScreen.storyboard */; };
		2B6DF73A202F2AEA0045F1F3 /* ReSwift.framework in Frameworks */ = {isa = PBXBuildFile; fileRef = 2B6DF735202F2ACF0045F1F3 /* ReSwift.framework */; };
		2B6DF73D202F2F060045F1F3 /* CreateViewController.storyboard in Resources */ = {isa = PBXBuildFile; fileRef = 2B6DF73C202F2F060045F1F3 /* CreateViewController.storyboard */; };
		2B6DF73F202F2F2B0045F1F3 /* CreateViewController.swift in Sources */ = {isa = PBXBuildFile; fileRef = 2B6DF73E202F2F2B0045F1F3 /* CreateViewController.swift */; };
		2B6DF741202F3CF30045F1F3 /* UIViewController+ReSwiftExample.swift in Sources */ = {isa = PBXBuildFile; fileRef = 2B6DF740202F3CF30045F1F3 /* UIViewController+ReSwiftExample.swift */; };
		2B6DF743202F3E360045F1F3 /* EditViewController.swift in Sources */ = {isa = PBXBuildFile; fileRef = 2B6DF742202F3E360045F1F3 /* EditViewController.swift */; };
		2B6DF745202F3E470045F1F3 /* EditViewController.storyboard in Resources */ = {isa = PBXBuildFile; fileRef = 2B6DF744202F3E470045F1F3 /* EditViewController.storyboard */; };
		2B6DF747202F4DA60045F1F3 /* AppState.swift in Sources */ = {isa = PBXBuildFile; fileRef = 2B6DF746202F4DA60045F1F3 /* AppState.swift */; };
		2B6DF749202F4EE90045F1F3 /* ItemListState.swift in Sources */ = {isa = PBXBuildFile; fileRef = 2B6DF748202F4EE90045F1F3 /* ItemListState.swift */; };
		2B6DF74B202F506D0045F1F3 /* ItemListActions.swift in Sources */ = {isa = PBXBuildFile; fileRef = 2B6DF74A202F506D0045F1F3 /* ItemListActions.swift */; };
		2B6DF74D202F522E0045F1F3 /* ItemListReducer.swift in Sources */ = {isa = PBXBuildFile; fileRef = 2B6DF74C202F522E0045F1F3 /* ItemListReducer.swift */; };
		2B6DF74F202F5CCC0045F1F3 /* AppReducer.swift in Sources */ = {isa = PBXBuildFile; fileRef = 2B6DF74E202F5CCC0045F1F3 /* AppReducer.swift */; };
		2B6DF7572030438D0045F1F3 /* Item.swift in Sources */ = {isa = PBXBuildFile; fileRef = 2B6DF7562030438D0045F1F3 /* Item.swift */; };
/* End PBXBuildFile section */

/* Begin PBXFileReference section */
		2B6DF720202F29BF0045F1F3 /* ReSwiftExample.app */ = {isa = PBXFileReference; explicitFileType = wrapper.application; includeInIndex = 0; path = ReSwiftExample.app; sourceTree = BUILT_PRODUCTS_DIR; };
		2B6DF723202F29BF0045F1F3 /* AppDelegate.swift */ = {isa = PBXFileReference; lastKnownFileType = sourcecode.swift; path = AppDelegate.swift; sourceTree = "<group>"; };
		2B6DF725202F29BF0045F1F3 /* ViewController.swift */ = {isa = PBXFileReference; lastKnownFileType = sourcecode.swift; path = ViewController.swift; sourceTree = "<group>"; };
		2B6DF728202F29BF0045F1F3 /* Base */ = {isa = PBXFileReference; lastKnownFileType = file.storyboard; name = Base; path = Base.lproj/ViewController.storyboard; sourceTree = "<group>"; };
		2B6DF72A202F29BF0045F1F3 /* Assets.xcassets */ = {isa = PBXFileReference; lastKnownFileType = folder.assetcatalog; path = Assets.xcassets; sourceTree = "<group>"; };
		2B6DF72D202F29BF0045F1F3 /* Base */ = {isa = PBXFileReference; lastKnownFileType = file.storyboard; name = Base; path = Base.lproj/LaunchScreen.storyboard; sourceTree = "<group>"; };
		2B6DF72F202F29BF0045F1F3 /* Info.plist */ = {isa = PBXFileReference; lastKnownFileType = text.plist.xml; path = Info.plist; sourceTree = "<group>"; };
		2B6DF735202F2ACF0045F1F3 /* ReSwift.framework */ = {isa = PBXFileReference; lastKnownFileType = wrapper.framework; name = ReSwift.framework; path = Carthage/Build/iOS/ReSwift.framework; sourceTree = "<group>"; };
		2B6DF73C202F2F060045F1F3 /* CreateViewController.storyboard */ = {isa = PBXFileReference; lastKnownFileType = file.storyboard; path = CreateViewController.storyboard; sourceTree = "<group>"; };
		2B6DF73E202F2F2B0045F1F3 /* CreateViewController.swift */ = {isa = PBXFileReference; lastKnownFileType = sourcecode.swift; path = CreateViewController.swift; sourceTree = "<group>"; };
		2B6DF740202F3CF30045F1F3 /* UIViewController+ReSwiftExample.swift */ = {isa = PBXFileReference; lastKnownFileType = sourcecode.swift; path = "UIViewController+ReSwiftExample.swift"; sourceTree = "<group>"; };
		2B6DF742202F3E360045F1F3 /* EditViewController.swift */ = {isa = PBXFileReference; lastKnownFileType = sourcecode.swift; path = EditViewController.swift; sourceTree = "<group>"; };
		2B6DF744202F3E470045F1F3 /* EditViewController.storyboard */ = {isa = PBXFileReference; lastKnownFileType = file.storyboard; path = EditViewController.storyboard; sourceTree = "<group>"; };
		2B6DF746202F4DA60045F1F3 /* AppState.swift */ = {isa = PBXFileReference; lastKnownFileType = sourcecode.swift; path = AppState.swift; sourceTree = "<group>"; };
		2B6DF748202F4EE90045F1F3 /* ItemListState.swift */ = {isa = PBXFileReference; lastKnownFileType = sourcecode.swift; path = ItemListState.swift; sourceTree = "<group>"; };
		2B6DF74A202F506D0045F1F3 /* ItemListActions.swift */ = {isa = PBXFileReference; lastKnownFileType = sourcecode.swift; path = ItemListActions.swift; sourceTree = "<group>"; };
		2B6DF74C202F522E0045F1F3 /* ItemListReducer.swift */ = {isa = PBXFileReference; lastKnownFileType = sourcecode.swift; path = ItemListReducer.swift; sourceTree = "<group>"; };
		2B6DF74E202F5CCC0045F1F3 /* AppReducer.swift */ = {isa = PBXFileReference; lastKnownFileType = sourcecode.swift; path = AppReducer.swift; sourceTree = "<group>"; };
		2B6DF7562030438D0045F1F3 /* Item.swift */ = {isa = PBXFileReference; lastKnownFileType = sourcecode.swift; path = Item.swift; sourceTree = "<group>"; };
/* End PBXFileReference section */

/* Begin PBXFrameworksBuildPhase section */
		2B6DF71D202F29BF0045F1F3 /* Frameworks */ = {
			isa = PBXFrameworksBuildPhase;
			buildActionMask = 2147483647;
			files = (
				2B6DF73A202F2AEA0045F1F3 /* ReSwift.framework in Frameworks */,
			);
			runOnlyForDeploymentPostprocessing = 0;
		};
/* End PBXFrameworksBuildPhase section */

/* Begin PBXGroup section */
		2B6DF717202F29BF0045F1F3 = {
			isa = PBXGroup;
			children = (
				2B6DF722202F29BF0045F1F3 /* ReSwiftExample */,
				2B6DF721202F29BF0045F1F3 /* Products */,
				2B6DF739202F2AEA0045F1F3 /* Frameworks */,
			);
			sourceTree = "<group>";
		};
		2B6DF721202F29BF0045F1F3 /* Products */ = {
			isa = PBXGroup;
			children = (
				2B6DF720202F29BF0045F1F3 /* ReSwiftExample.app */,
			);
			name = Products;
			sourceTree = "<group>";
		};
		2B6DF722202F29BF0045F1F3 /* ReSwiftExample */ = {
			isa = PBXGroup;
			children = (
				2B6DF751203042370045F1F3 /* Storyboards */,
				2B6DF750203042070045F1F3 /* Views */,
				2B6DF754203042730045F1F3 /* States */,
				2B6DF752203042510045F1F3 /* Actions */,
				2B6DF753203042610045F1F3 /* Reducers */,
				2B6DF755203043770045F1F3 /* Entities */,
				2B6DF723202F29BF0045F1F3 /* AppDelegate.swift */,
				2B6DF740202F3CF30045F1F3 /* UIViewController+ReSwiftExample.swift */,
				2B6DF72A202F29BF0045F1F3 /* Assets.xcassets */,
				2B6DF72F202F29BF0045F1F3 /* Info.plist */,
			);
			path = ReSwiftExample;
			sourceTree = "<group>";
		};
		2B6DF739202F2AEA0045F1F3 /* Frameworks */ = {
			isa = PBXGroup;
			children = (
				2B6DF735202F2ACF0045F1F3 /* ReSwift.framework */,
			);
			name = Frameworks;
			sourceTree = "<group>";
		};
		2B6DF750203042070045F1F3 /* Views */ = {
			isa = PBXGroup;
			children = (
				2B6DF725202F29BF0045F1F3 /* ViewController.swift */,
				2B6DF73E202F2F2B0045F1F3 /* CreateViewController.swift */,
				2B6DF742202F3E360045F1F3 /* EditViewController.swift */,
			);
			path = Views;
			sourceTree = "<group>";
		};
		2B6DF751203042370045F1F3 /* Storyboards */ = {
			isa = PBXGroup;
			children = (
				2B6DF72C202F29BF0045F1F3 /* LaunchScreen.storyboard */,
				2B6DF727202F29BF0045F1F3 /* ViewController.storyboard */,
				2B6DF73C202F2F060045F1F3 /* CreateViewController.storyboard */,
				2B6DF744202F3E470045F1F3 /* EditViewController.storyboard */,
			);
			path = Storyboards;
			sourceTree = "<group>";
		};
		2B6DF752203042510045F1F3 /* Actions */ = {
			isa = PBXGroup;
			children = (
				2B6DF74A202F506D0045F1F3 /* ItemListActions.swift */,
			);
			path = Actions;
			sourceTree = "<group>";
		};
		2B6DF753203042610045F1F3 /* Reducers */ = {
			isa = PBXGroup;
			children = (
				2B6DF74E202F5CCC0045F1F3 /* AppReducer.swift */,
				2B6DF74C202F522E0045F1F3 /* ItemListReducer.swift */,
			);
			path = Reducers;
			sourceTree = "<group>";
		};
		2B6DF754203042730045F1F3 /* States */ = {
			isa = PBXGroup;
			children = (
				2B6DF746202F4DA60045F1F3 /* AppState.swift */,
				2B6DF748202F4EE90045F1F3 /* ItemListState.swift */,
			);
			path = States;
			sourceTree = "<group>";
		};
		2B6DF755203043770045F1F3 /* Entities */ = {
			isa = PBXGroup;
			children = (
				2B6DF7562030438D0045F1F3 /* Item.swift */,
			);
			path = Entities;
			sourceTree = "<group>";
		};
/* End PBXGroup section */

/* Begin PBXNativeTarget section */
		2B6DF71F202F29BF0045F1F3 /* ReSwiftExample */ = {
			isa = PBXNativeTarget;
			buildConfigurationList = 2B6DF732202F29BF0045F1F3 /* Build configuration list for PBXNativeTarget "ReSwiftExample" */;
			buildPhases = (
				2B6DF71C202F29BF0045F1F3 /* Sources */,
				2B6DF71D202F29BF0045F1F3 /* Frameworks */,
				2B6DF71E202F29BF0045F1F3 /* Resources */,
				2B6DF73B202F2B1F0045F1F3 /* Run Script */,
			);
			buildRules = (
			);
			dependencies = (
			);
			name = ReSwiftExample;
			productName = ReSwiftExample;
			productReference = 2B6DF720202F29BF0045F1F3 /* ReSwiftExample.app */;
			productType = "com.apple.product-type.application";
		};
/* End PBXNativeTarget section */

/* Begin PBXProject section */
		2B6DF718202F29BF0045F1F3 /* Project object */ = {
			isa = PBXProject;
			attributes = {
				LastSwiftUpdateCheck = 0920;
				LastUpgradeCheck = 0920;
				ORGANIZATIONNAME = KojimaTatsuya;
				TargetAttributes = {
					2B6DF71F202F29BF0045F1F3 = {
						CreatedOnToolsVersion = 9.2;
						ProvisioningStyle = Automatic;
					};
				};
			};
			buildConfigurationList = 2B6DF71B202F29BF0045F1F3 /* Build configuration list for PBXProject "ReSwiftExample" */;
			compatibilityVersion = "Xcode 8.0";
			developmentRegion = en;
			hasScannedForEncodings = 0;
			knownRegions = (
				en,
				Base,
			);
			mainGroup = 2B6DF717202F29BF0045F1F3;
			productRefGroup = 2B6DF721202F29BF0045F1F3 /* Products */;
			projectDirPath = "";
			projectRoot = "";
			targets = (
				2B6DF71F202F29BF0045F1F3 /* ReSwiftExample */,
			);
		};
/* End PBXProject section */

/* Begin PBXResourcesBuildPhase section */
		2B6DF71E202F29BF0045F1F3 /* Resources */ = {
			isa = PBXResourcesBuildPhase;
			buildActionMask = 2147483647;
			files = (
				2B6DF72E202F29BF0045F1F3 /* LaunchScreen.storyboard in Resources */,
				2B6DF73D202F2F060045F1F3 /* CreateViewController.storyboard in Resources */,
				2B6DF72B202F29BF0045F1F3 /* Assets.xcassets in Resources */,
				2B6DF729202F29BF0045F1F3 /* ViewController.storyboard in Resources */,
				2B6DF745202F3E470045F1F3 /* EditViewController.storyboard in Resources */,
			);
			runOnlyForDeploymentPostprocessing = 0;
		};
/* End PBXResourcesBuildPhase section */

/* Begin PBXShellScriptBuildPhase section */
		2B6DF73B202F2B1F0045F1F3 /* Run Script */ = {
			isa = PBXShellScriptBuildPhase;
			buildActionMask = 2147483647;
			files = (
			);
			inputPaths = (
				"$(SRCROOT)/Carthage/Build/iOS/ReSwift.framework",
			);
			name = "Run Script";
			outputPaths = (
			);
			runOnlyForDeploymentPostprocessing = 0;
			shellPath = /bin/sh;
			shellScript = "/usr/local/bin/carthage copy-frameworks\n";
		};
/* End PBXShellScriptBuildPhase section */

/* Begin PBXSourcesBuildPhase section */
		2B6DF71C202F29BF0045F1F3 /* Sources */ = {
			isa = PBXSourcesBuildPhase;
			buildActionMask = 2147483647;
			files = (
				2B6DF74B202F506D0045F1F3 /* ItemListActions.swift in Sources */,
				2B6DF749202F4EE90045F1F3 /* ItemListState.swift in Sources */,
				2B6DF743202F3E360045F1F3 /* EditViewController.swift in Sources */,
				2B6DF741202F3CF30045F1F3 /* UIViewController+ReSwiftExample.swift in Sources */,
				2B6DF74F202F5CCC0045F1F3 /* AppReducer.swift in Sources */,
				2B6DF74D202F522E0045F1F3 /* ItemListReducer.swift in Sources */,
				2B6DF7572030438D0045F1F3 /* Item.swift in Sources */,
				2B6DF726202F29BF0045F1F3 /* ViewController.swift in Sources */,
				2B6DF747202F4DA60045F1F3 /* AppState.swift in Sources */,
				2B6DF724202F29BF0045F1F3 /* AppDelegate.swift in Sources */,
				2B6DF73F202F2F2B0045F1F3 /* CreateViewController.swift in Sources */,
			);
			runOnlyForDeploymentPostprocessing = 0;
		};
/* End PBXSourcesBuildPhase section */

/* Begin PBXVariantGroup section */
		2B6DF727202F29BF0045F1F3 /* ViewController.storyboard */ = {
			isa = PBXVariantGroup;
			children = (
				2B6DF728202F29BF0045F1F3 /* Base */,
			);
			name = ViewController.storyboard;
			sourceTree = "<group>";
		};
		2B6DF72C202F29BF0045F1F3 /* LaunchScreen.storyboard */ = {
			isa = PBXVariantGroup;
			children = (
				2B6DF72D202F29BF0045F1F3 /* Base */,
			);
			name = LaunchScreen.storyboard;
			sourceTree = "<group>";
		};
/* End PBXVariantGroup section */

/* Begin XCBuildConfiguration section */
		2B6DF730202F29BF0045F1F3 /* Debug */ = {
			isa = XCBuildConfiguration;
			buildSettings = {
				ALWAYS_SEARCH_USER_PATHS = NO;
				CLANG_ANALYZER_NONNULL = YES;
				CLANG_ANALYZER_NUMBER_OBJECT_CONVERSION = YES_AGGRESSIVE;
				CLANG_CXX_LANGUAGE_STANDARD = "gnu++14";
				CLANG_CXX_LIBRARY = "libc++";
				CLANG_ENABLE_MODULES = YES;
				CLANG_ENABLE_OBJC_ARC = YES;
				CLANG_WARN_BLOCK_CAPTURE_AUTORELEASING = YES;
				CLANG_WARN_BOOL_CONVERSION = YES;
				CLANG_WARN_COMMA = YES;
				CLANG_WARN_CONSTANT_CONVERSION = YES;
				CLANG_WARN_DIRECT_OBJC_ISA_USAGE = YES_ERROR;
				CLANG_WARN_DOCUMENTATION_COMMENTS = YES;
				CLANG_WARN_EMPTY_BODY = YES;
				CLANG_WARN_ENUM_CONVERSION = YES;
				CLANG_WARN_INFINITE_RECURSION = YES;
				CLANG_WARN_INT_CONVERSION = YES;
				CLANG_WARN_NON_LITERAL_NULL_CONVERSION = YES;
				CLANG_WARN_OBJC_LITERAL_CONVERSION = YES;
				CLANG_WARN_OBJC_ROOT_CLASS = YES_ERROR;
				CLANG_WARN_RANGE_LOOP_ANALYSIS = YES;
				CLANG_WARN_STRICT_PROTOTYPES = YES;
				CLANG_WARN_SUSPICIOUS_MOVE = YES;
				CLANG_WARN_UNGUARDED_AVAILABILITY = YES_AGGRESSIVE;
				CLANG_WARN_UNREACHABLE_CODE = YES;
				CLANG_WARN__DUPLICATE_METHOD_MATCH = YES;
				CODE_SIGN_IDENTITY = "iPhone Developer";
				COPY_PHASE_STRIP = NO;
				DEBUG_INFORMATION_FORMAT = dwarf;
				ENABLE_STRICT_OBJC_MSGSEND = YES;
				ENABLE_TESTABILITY = YES;
				GCC_C_LANGUAGE_STANDARD = gnu11;
				GCC_DYNAMIC_NO_PIC = NO;
				GCC_NO_COMMON_BLOCKS = YES;
				GCC_OPTIMIZATION_LEVEL = 0;
				GCC_PREPROCESSOR_DEFINITIONS = (
					"DEBUG=1",
					"$(inherited)",
				);
				GCC_WARN_64_TO_32_BIT_CONVERSION = YES;
				GCC_WARN_ABOUT_RETURN_TYPE = YES_ERROR;
				GCC_WARN_UNDECLARED_SELECTOR = YES;
				GCC_WARN_UNINITIALIZED_AUTOS = YES_AGGRESSIVE;
				GCC_WARN_UNUSED_FUNCTION = YES;
				GCC_WARN_UNUSED_VARIABLE = YES;
				IPHONEOS_DEPLOYMENT_TARGET = 11.2;
				MTL_ENABLE_DEBUG_INFO = YES;
				ONLY_ACTIVE_ARCH = YES;
				SDKROOT = iphoneos;
				SWIFT_ACTIVE_COMPILATION_CONDITIONS = DEBUG;
				SWIFT_OPTIMIZATION_LEVEL = "-Onone";
			};
			name = Debug;
		};
		2B6DF731202F29BF0045F1F3 /* Release */ = {
			isa = XCBuildConfiguration;
			buildSettings = {
				ALWAYS_SEARCH_USER_PATHS = NO;
				CLANG_ANALYZER_NONNULL = YES;
				CLANG_ANALYZER_NUMBER_OBJECT_CONVERSION = YES_AGGRESSIVE;
				CLANG_CXX_LANGUAGE_STANDARD = "gnu++14";
				CLANG_CXX_LIBRARY = "libc++";
				CLANG_ENABLE_MODULES = YES;
				CLANG_ENABLE_OBJC_ARC = YES;
				CLANG_WARN_BLOCK_CAPTURE_AUTORELEASING = YES;
				CLANG_WARN_BOOL_CONVERSION = YES;
				CLANG_WARN_COMMA = YES;
				CLANG_WARN_CONSTANT_CONVERSION = YES;
				CLANG_WARN_DIRECT_OBJC_ISA_USAGE = YES_ERROR;
				CLANG_WARN_DOCUMENTATION_COMMENTS = YES;
				CLANG_WARN_EMPTY_BODY = YES;
				CLANG_WARN_ENUM_CONVERSION = YES;
				CLANG_WARN_INFINITE_RECURSION = YES;
				CLANG_WARN_INT_CONVERSION = YES;
				CLANG_WARN_NON_LITERAL_NULL_CONVERSION = YES;
				CLANG_WARN_OBJC_LITERAL_CONVERSION = YES;
				CLANG_WARN_OBJC_ROOT_CLASS = YES_ERROR;
				CLANG_WARN_RANGE_LOOP_ANALYSIS = YES;
				CLANG_WARN_STRICT_PROTOTYPES = YES;
				CLANG_WARN_SUSPICIOUS_MOVE = YES;
				CLANG_WARN_UNGUARDED_AVAILABILITY = YES_AGGRESSIVE;
				CLANG_WARN_UNREACHABLE_CODE = YES;
				CLANG_WARN__DUPLICATE_METHOD_MATCH = YES;
				CODE_SIGN_IDENTITY = "iPhone Developer";
				COPY_PHASE_STRIP = NO;
				DEBUG_INFORMATION_FORMAT = "dwarf-with-dsym";
				ENABLE_NS_ASSERTIONS = NO;
				ENABLE_STRICT_OBJC_MSGSEND = YES;
				GCC_C_LANGUAGE_STANDARD = gnu11;
				GCC_NO_COMMON_BLOCKS = YES;
				GCC_WARN_64_TO_32_BIT_CONVERSION = YES;
				GCC_WARN_ABOUT_RETURN_TYPE = YES_ERROR;
				GCC_WARN_UNDECLARED_SELECTOR = YES;
				GCC_WARN_UNINITIALIZED_AUTOS = YES_AGGRESSIVE;
				GCC_WARN_UNUSED_FUNCTION = YES;
				GCC_WARN_UNUSED_VARIABLE = YES;
				IPHONEOS_DEPLOYMENT_TARGET = 11.2;
				MTL_ENABLE_DEBUG_INFO = NO;
				SDKROOT = iphoneos;
				SWIFT_OPTIMIZATION_LEVEL = "-Owholemodule";
				VALIDATE_PRODUCT = YES;
			};
			name = Release;
		};
		2B6DF733202F29BF0045F1F3 /* Debug */ = {
			isa = XCBuildConfiguration;
			buildSettings = {
				ASSETCATALOG_COMPILER_APPICON_NAME = AppIcon;
				CODE_SIGN_STYLE = Automatic;
				FRAMEWORK_SEARCH_PATHS = (
					"$(inherited)",
					"$(PROJECT_DIR)/Carthage/Build/iOS",
				);
				INFOPLIST_FILE = ReSwiftExample/Info.plist;
				LD_RUNPATH_SEARCH_PATHS = "$(inherited) @executable_path/Frameworks";
				PRODUCT_BUNDLE_IDENTIFIER = io.komaji.ReSwiftExample;
				PRODUCT_NAME = "$(TARGET_NAME)";
				SWIFT_VERSION = 4.0;
				TARGETED_DEVICE_FAMILY = "1,2";
			};
			name = Debug;
		};
		2B6DF734202F29BF0045F1F3 /* Release */ = {
			isa = XCBuildConfiguration;
			buildSettings = {
				ASSETCATALOG_COMPILER_APPICON_NAME = AppIcon;
				CODE_SIGN_STYLE = Automatic;
				FRAMEWORK_SEARCH_PATHS = (
					"$(inherited)",
					"$(PROJECT_DIR)/Carthage/Build/iOS",
				);
				INFOPLIST_FILE = ReSwiftExample/Info.plist;
				LD_RUNPATH_SEARCH_PATHS = "$(inherited) @executable_path/Frameworks";
				PRODUCT_BUNDLE_IDENTIFIER = io.komaji.ReSwiftExample;
				PRODUCT_NAME = "$(TARGET_NAME)";
				SWIFT_VERSION = 4.0;
				TARGETED_DEVICE_FAMILY = "1,2";
			};
			name = Release;
		};
/* End XCBuildConfiguration section */

/* Begin XCConfigurationList section */
		2B6DF71B202F29BF0045F1F3 /* Build configuration list for PBXProject "ReSwiftExample" */ = {
			isa = XCConfigurationList;
			buildConfigurations = (
				2B6DF730202F29BF0045F1F3 /* Debug */,
				2B6DF731202F29BF0045F1F3 /* Release */,
			);
			defaultConfigurationIsVisible = 0;
			defaultConfigurationName = Release;
		};
		2B6DF732202F29BF0045F1F3 /* Build configuration list for PBXNativeTarget "ReSwiftExample" */ = {
			isa = XCConfigurationList;
			buildConfigurations = (
				2B6DF733202F29BF0045F1F3 /* Debug */,
				2B6DF734202F29BF0045F1F3 /* Release */,
			);
			defaultConfigurationIsVisible = 0;
			defaultConfigurationName = Release;
		};
/* End XCConfigurationList section */
	};
	rootObject = 2B6DF718202F29BF0045F1F3 /* Project object */;
}
